
Microsoft Visual Studio Solution File, Format Version 12.00
# Visual Studio Version 17
VisualStudioVersion = 17.7.34024.191
MinimumVisualStudioVersion = 10.0.40219.1
Project("{FAE04EC0-301F-11D3-BF4B-00C04F79EFBC}") = "FoodOrderWebApi", "FoodOrderWebApi.csproj", "{83EAF45C-0576-41BE-91CC-1AD32D9685E6}"
EndProject
Project("{FAE04EC0-301F-11D3-BF4B-00C04F79EFBC}") = "UnitTest", "UnitTest\UnitTest.csproj", "{5FF616A7-6DE4-456C-B701-5314FA1E57C7}"
EndProject
Project("{FAE04EC0-301F-11D3-BF4B-00C04F79EFBC}") = "ModelTest", "ModelTest\ModelTest.csproj", "{CBAC7B65-90F5-44AB-B02F-F8AE2379FD5B}"
EndProject
Global
	GlobalSection(SolutionConfigurationPlatforms) = preSolution
		Debug|Any CPU = Debug|Any CPU
		Release|Any CPU = Release|Any CPU
	EndGlobalSection
	GlobalSection(ProjectConfigurationPlatforms) = postSolution
		{83EAF45C-0576-41BE-91CC-1AD32D9685E6}.Debug|Any CPU.ActiveCfg = Debug|Any CPU
		{83EAF45C-0576-41BE-91CC-1AD32D9685E6}.Debug|Any CPU.Build.0 = Debug|Any CPU
		{83EAF45C-0576-41BE-91CC-1AD32D9685E6}.Release|Any CPU.ActiveCfg = Release|Any CPU
		{83EAF45C-0576-41BE-91CC-1AD32D9685E6}.Release|Any CPU.Build.0 = Release|Any CPU
		{5FF616A7-6DE4-456C-B701-5314FA1E57C7}.Debug|Any CPU.ActiveCfg = Debug|Any CPU
		{5FF616A7-6DE4-456C-B701-5314FA1E57C7}.Debug|Any CPU.Build.0 = Debug|Any CPU
		{5FF616A7-6DE4-456C-B701-5314FA1E57C7}.Release|Any CPU.ActiveCfg = Release|Any CPU
		{5FF616A7-6DE4-456C-B701-5314FA1E57C7}.Release|Any CPU.Build.0 = Release|Any CPU
		{CBAC7B65-90F5-44AB-B02F-F8AE2379FD5B}.Debug|Any CPU.ActiveCfg = Debug|Any CPU
		{CBAC7B65-90F5-44AB-B02F-F8AE2379FD5B}.Debug|Any CPU.Build.0 = Debug|Any CPU
		{CBAC7B65-90F5-44AB-B02F-F8AE2379FD5B}.Release|Any CPU.ActiveCfg = Release|Any CPU
		{CBAC7B65-90F5-44AB-B02F-F8AE2379FD5B}.Release|Any CPU.Build.0 = Release|Any CPU
	EndGlobalSection
	GlobalSection(SolutionProperties) = preSolution
		HideSolutionNode = FALSE
	EndGlobalSection
	GlobalSection(ExtensibilityGlobals) = postSolution
		SolutionGuid = {CCE751F5-0825-4EF6-825B-DFB850D369B1}
	EndGlobalSection
EndGlobal
